// !$*UTF8*$!
{
	archiveVersion = 1;
	classes = {
	};
	objectVersion = 56;
	objects = {

/* Begin PBXBuildFile section */
		07770BF72B7D425100FA5A3E /* AppDelegate.swift in Sources */ = {isa = PBXBuildFile; fileRef = 07770BF62B7D425100FA5A3E /* AppDelegate.swift */; };
		07770BF92B7D425100FA5A3E /* SceneDelegate.swift in Sources */ = {isa = PBXBuildFile; fileRef = 07770BF82B7D425100FA5A3E /* SceneDelegate.swift */; };
		07770BFB2B7D425100FA5A3E /* ViewController.swift in Sources */ = {isa = PBXBuildFile; fileRef = 07770BFA2B7D425100FA5A3E /* ViewController.swift */; };
		07770BFE2B7D425100FA5A3E /* Main.storyboard in Resources */ = {isa = PBXBuildFile; fileRef = 07770BFC2B7D425100FA5A3E /* Main.storyboard */; };
		07770C002B7D425C00FA5A3E /* Assets.xcassets in Resources */ = {isa = PBXBuildFile; fileRef = 07770BFF2B7D425C00FA5A3E /* Assets.xcassets */; };
		07770C032B7D425C00FA5A3E /* LaunchScreen.storyboard in Resources */ = {isa = PBXBuildFile; fileRef = 07770C012B7D425C00FA5A3E /* LaunchScreen.storyboard */; };
		07770C0E2B7D425E00FA5A3E /* KlarnaPOCSwiftTests.swift in Sources */ = {isa = PBXBuildFile; fileRef = 07770C0D2B7D425E00FA5A3E /* KlarnaPOCSwiftTests.swift */; };
		07770C182B7D425E00FA5A3E /* KlarnaPOCSwiftUITests.swift in Sources */ = {isa = PBXBuildFile; fileRef = 07770C172B7D425E00FA5A3E /* KlarnaPOCSwiftUITests.swift */; };
		07770C1A2B7D425E00FA5A3E /* KlarnaPOCSwiftUITestsLaunchTests.swift in Sources */ = {isa = PBXBuildFile; fileRef = 07770C192B7D425E00FA5A3E /* KlarnaPOCSwiftUITestsLaunchTests.swift */; };
/* End PBXBuildFile section */

/* Begin PBXContainerItemProxy section */
		07770C0A2B7D425E00FA5A3E /* PBXContainerItemProxy */ = {
			isa = PBXContainerItemProxy;
			containerPortal = 07770BEB2B7D425100FA5A3E /* Project object */;
			proxyType = 1;
			remoteGlobalIDString = 07770BF22B7D425100FA5A3E;
			remoteInfo = KlarnaPOCSwift;
		};
		07770C142B7D425E00FA5A3E /* PBXContainerItemProxy */ = {
			isa = PBXContainerItemProxy;
			containerPortal = 07770BEB2B7D425100FA5A3E /* Project object */;
			proxyType = 1;
			remoteGlobalIDString = 07770BF22B7D425100FA5A3E;
			remoteInfo = KlarnaPOCSwift;
		};
/* End PBXContainerItemProxy section */

/* Begin PBXFileReference section */
		07770BF32B7D425100FA5A3E /* KlarnaPOCSwift.app */ = {isa = PBXFileReference; explicitFileType = wrapper.application; includeInIndex = 0; path = KlarnaPOCSwift.app; sourceTree = BUILT_PRODUCTS_DIR; };
		07770BF62B7D425100FA5A3E /* AppDelegate.swift */ = {isa = PBXFileReference; lastKnownFileType = sourcecode.swift; path = AppDelegate.swift; sourceTree = "<group>"; };
		07770BF82B7D425100FA5A3E /* SceneDelegate.swift */ = {isa = PBXFileReference; lastKnownFileType = sourcecode.swift; path = SceneDelegate.swift; sourceTree = "<group>"; };
		07770BFA2B7D425100FA5A3E /* ViewController.swift */ = {isa = PBXFileReference; lastKnownFileType = sourcecode.swift; path = ViewController.swift; sourceTree = "<group>"; };
		07770BFD2B7D425100FA5A3E /* Base */ = {isa = PBXFileReference; lastKnownFileType = file.storyboard; name = Base; path = Base.lproj/Main.storyboard; sourceTree = "<group>"; };
		07770BFF2B7D425C00FA5A3E /* Assets.xcassets */ = {isa = PBXFileReference; lastKnownFileType = folder.assetcatalog; path = Assets.xcassets; sourceTree = "<group>"; };
		07770C022B7D425C00FA5A3E /* Base */ = {isa = PBXFileReference; lastKnownFileType = file.storyboard; name = Base; path = Base.lproj/LaunchScreen.storyboard; sourceTree = "<group>"; };
		07770C042B7D425C00FA5A3E /* Info.plist */ = {isa = PBXFileReference; lastKnownFileType = text.plist.xml; path = Info.plist; sourceTree = "<group>"; };
		07770C092B7D425E00FA5A3E /* KlarnaPOCSwiftTests.xctest */ = {isa = PBXFileReference; explicitFileType = wrapper.cfbundle; includeInIndex = 0; path = KlarnaPOCSwiftTests.xctest; sourceTree = BUILT_PRODUCTS_DIR; };
		07770C0D2B7D425E00FA5A3E /* KlarnaPOCSwiftTests.swift */ = {isa = PBXFileReference; lastKnownFileType = sourcecode.swift; path = KlarnaPOCSwiftTests.swift; sourceTree = "<group>"; };
		07770C132B7D425E00FA5A3E /* KlarnaPOCSwiftUITests.xctest */ = {isa = PBXFileReference; explicitFileType = wrapper.cfbundle; includeInIndex = 0; path = KlarnaPOCSwiftUITests.xctest; sourceTree = BUILT_PRODUCTS_DIR; };
		07770C172B7D425E00FA5A3E /* KlarnaPOCSwiftUITests.swift */ = {isa = PBXFileReference; lastKnownFileType = sourcecode.swift; path = KlarnaPOCSwiftUITests.swift; sourceTree = "<group>"; };
		07770C192B7D425E00FA5A3E /* KlarnaPOCSwiftUITestsLaunchTests.swift */ = {isa = PBXFileReference; lastKnownFileType = sourcecode.swift; path = KlarnaPOCSwiftUITestsLaunchTests.swift; sourceTree = "<group>"; };
/* End PBXFileReference section */

/* Begin PBXFrameworksBuildPhase section */
		07770BF02B7D425100FA5A3E /* Frameworks */ = {
			isa = PBXFrameworksBuildPhase;
			buildActionMask = 2147483647;
			files = (
			);
			runOnlyForDeploymentPostprocessing = 0;
		};
		07770C062B7D425E00FA5A3E /* Frameworks */ = {
			isa = PBXFrameworksBuildPhase;
			buildActionMask = 2147483647;
			files = (
			);
			runOnlyForDeploymentPostprocessing = 0;
		};
		07770C102B7D425E00FA5A3E /* Frameworks */ = {
			isa = PBXFrameworksBuildPhase;
			buildActionMask = 2147483647;
			files = (
			);
			runOnlyForDeploymentPostprocessing = 0;
		};
/* End PBXFrameworksBuildPhase section */

/* Begin PBXGroup section */
		07770BEA2B7D425100FA5A3E = {
			isa = PBXGroup;
			children = (
				07770BF52B7D425100FA5A3E /* KlarnaPOCSwift */,
				07770C0C2B7D425E00FA5A3E /* KlarnaPOCSwiftTests */,
				07770C162B7D425E00FA5A3E /* KlarnaPOCSwiftUITests */,
				07770BF42B7D425100FA5A3E /* Products */,
			);
			sourceTree = "<group>";
		};
		07770BF42B7D425100FA5A3E /* Products */ = {
			isa = PBXGroup;
			children = (
				07770BF32B7D425100FA5A3E /* KlarnaPOCSwift.app */,
				07770C092B7D425E00FA5A3E /* KlarnaPOCSwiftTests.xctest */,
				07770C132B7D425E00FA5A3E /* KlarnaPOCSwiftUITests.xctest */,
			);
			name = Products;
			sourceTree = "<group>";
		};
		07770BF52B7D425100FA5A3E /* KlarnaPOCSwift */ = {
			isa = PBXGroup;
			children = (
				07770BF62B7D425100FA5A3E /* AppDelegate.swift */,
				07770BF82B7D425100FA5A3E /* SceneDelegate.swift */,
				07770BFA2B7D425100FA5A3E /* ViewController.swift */,
				07770BFC2B7D425100FA5A3E /* Main.storyboard */,
				07770BFF2B7D425C00FA5A3E /* Assets.xcassets */,
				07770C012B7D425C00FA5A3E /* LaunchScreen.storyboard */,
				07770C042B7D425C00FA5A3E /* Info.plist */,
			);
			path = KlarnaPOCSwift;
			sourceTree = "<group>";
		};
		07770C0C2B7D425E00FA5A3E /* KlarnaPOCSwiftTests */ = {
			isa = PBXGroup;
			children = (
				07770C0D2B7D425E00FA5A3E /* KlarnaPOCSwiftTests.swift */,
			);
			path = KlarnaPOCSwiftTests;
			sourceTree = "<group>";
		};
		07770C162B7D425E00FA5A3E /* KlarnaPOCSwiftUITests */ = {
			isa = PBXGroup;
			children = (
				07770C172B7D425E00FA5A3E /* KlarnaPOCSwiftUITests.swift */,
				07770C192B7D425E00FA5A3E /* KlarnaPOCSwiftUITestsLaunchTests.swift */,
			);
			path = KlarnaPOCSwiftUITests;
			sourceTree = "<group>";
		};
/* End PBXGroup section */

/* Begin PBXNativeTarget section */
		07770BF22B7D425100FA5A3E /* KlarnaPOCSwift */ = {
			isa = PBXNativeTarget;
			buildConfigurationList = 07770C1D2B7D425E00FA5A3E /* Build configuration list for PBXNativeTarget "KlarnaPOCSwift" */;
			buildPhases = (
				07770BEF2B7D425100FA5A3E /* Sources */,
				07770BF02B7D425100FA5A3E /* Frameworks */,
				07770BF12B7D425100FA5A3E /* Resources */,
			);
			buildRules = (
			);
			dependencies = (
			);
			name = KlarnaPOCSwift;
			productName = KlarnaPOCSwift;
			productReference = 07770BF32B7D425100FA5A3E /* KlarnaPOCSwift.app */;
			productType = "com.apple.product-type.application";
		};
		07770C082B7D425E00FA5A3E /* KlarnaPOCSwiftTests */ = {
			isa = PBXNativeTarget;
			buildConfigurationList = 07770C202B7D425E00FA5A3E /* Build configuration list for PBXNativeTarget "KlarnaPOCSwiftTests" */;
			buildPhases = (
				07770C052B7D425E00FA5A3E /* Sources */,
				07770C062B7D425E00FA5A3E /* Frameworks */,
				07770C072B7D425E00FA5A3E /* Resources */,
			);
			buildRules = (
			);
			dependencies = (
				07770C0B2B7D425E00FA5A3E /* PBXTargetDependency */,
			);
			name = KlarnaPOCSwiftTests;
			productName = KlarnaPOCSwiftTests;
			productReference = 07770C092B7D425E00FA5A3E /* KlarnaPOCSwiftTests.xctest */;
			productType = "com.apple.product-type.bundle.unit-test";
		};
		07770C122B7D425E00FA5A3E /* KlarnaPOCSwiftUITests */ = {
			isa = PBXNativeTarget;
			buildConfigurationList = 07770C232B7D425E00FA5A3E /* Build configuration list for PBXNativeTarget "KlarnaPOCSwiftUITests" */;
			buildPhases = (
				07770C0F2B7D425E00FA5A3E /* Sources */,
				07770C102B7D425E00FA5A3E /* Frameworks */,
				07770C112B7D425E00FA5A3E /* Resources */,
			);
			buildRules = (
			);
			dependencies = (
				07770C152B7D425E00FA5A3E /* PBXTargetDependency */,
			);
			name = KlarnaPOCSwiftUITests;
			productName = KlarnaPOCSwiftUITests;
			productReference = 07770C132B7D425E00FA5A3E /* KlarnaPOCSwiftUITests.xctest */;
			productType = "com.apple.product-type.bundle.ui-testing";
		};
/* End PBXNativeTarget section */

/* Begin PBXProject section */
		07770BEB2B7D425100FA5A3E /* Project object */ = {
			isa = PBXProject;
			attributes = {
				BuildIndependentTargetsInParallel = 1;
				LastSwiftUpdateCheck = 1520;
				LastUpgradeCheck = 1520;
				TargetAttributes = {
					07770BF22B7D425100FA5A3E = {
						CreatedOnToolsVersion = 15.2;
					};
					07770C082B7D425E00FA5A3E = {
						CreatedOnToolsVersion = 15.2;
						TestTargetID = 07770BF22B7D425100FA5A3E;
					};
					07770C122B7D425E00FA5A3E = {
						CreatedOnToolsVersion = 15.2;
						TestTargetID = 07770BF22B7D425100FA5A3E;
					};
				};
			};
			buildConfigurationList = 07770BEE2B7D425100FA5A3E /* Build configuration list for PBXProject "KlarnaPOCSwift" */;
			compatibilityVersion = "Xcode 14.0";
			developmentRegion = en;
			hasScannedForEncodings = 0;
			knownRegions = (
				en,
				Base,
			);
			mainGroup = 07770BEA2B7D425100FA5A3E;
			productRefGroup = 07770BF42B7D425100FA5A3E /* Products */;
			projectDirPath = "";
			projectRoot = "";
			targets = (
				07770BF22B7D425100FA5A3E /* KlarnaPOCSwift */,
				07770C082B7D425E00FA5A3E /* KlarnaPOCSwiftTests */,
				07770C122B7D425E00FA5A3E /* KlarnaPOCSwiftUITests */,
			);
		};
/* End PBXProject section */

/* Begin PBXResourcesBuildPhase section */
		07770BF12B7D425100FA5A3E /* Resources */ = {
			isa = PBXResourcesBuildPhase;
			buildActionMask = 2147483647;
			files = (
				07770C032B7D425C00FA5A3E /* LaunchScreen.storyboard in Resources */,
				07770C002B7D425C00FA5A3E /* Assets.xcassets in Resources */,
				07770BFE2B7D425100FA5A3E /* Main.storyboard in Resources */,
			);
			runOnlyForDeploymentPostprocessing = 0;
		};
		07770C072B7D425E00FA5A3E /* Resources */ = {
			isa = PBXResourcesBuildPhase;
			buildActionMask = 2147483647;
			files = (
			);
			runOnlyForDeploymentPostprocessing = 0;
		};
		07770C112B7D425E00FA5A3E /* Resources */ = {
			isa = PBXResourcesBuildPhase;
			buildActionMask = 2147483647;
			files = (
			);
			runOnlyForDeploymentPostprocessing = 0;
		};
/* End PBXResourcesBuildPhase section */

/* Begin PBXSourcesBuildPhase section */
		07770BEF2B7D425100FA5A3E /* Sources */ = {
			isa = PBXSourcesBuildPhase;
			buildActionMask = 2147483647;
			files = (
				07770BFB2B7D425100FA5A3E /* ViewController.swift in Sources */,
				07770BF72B7D425100FA5A3E /* AppDelegate.swift in Sources */,
				07770BF92B7D425100FA5A3E /* SceneDelegate.swift in Sources */,
			);
			runOnlyForDeploymentPostprocessing = 0;
		};
		07770C052B7D425E00FA5A3E /* Sources */ = {
			isa = PBXSourcesBuildPhase;
			buildActionMask = 2147483647;
			files = (
				07770C0E2B7D425E00FA5A3E /* KlarnaPOCSwiftTests.swift in Sources */,
			);
			runOnlyForDeploymentPostprocessing = 0;
		};
		07770C0F2B7D425E00FA5A3E /* Sources */ = {
			isa = PBXSourcesBuildPhase;
			buildActionMask = 2147483647;
			files = (
				07770C1A2B7D425E00FA5A3E /* KlarnaPOCSwiftUITestsLaunchTests.swift in Sources */,
				07770C182B7D425E00FA5A3E /* KlarnaPOCSwiftUITests.swift in Sources */,
			);
			runOnlyForDeploymentPostprocessing = 0;
		};
/* End PBXSourcesBuildPhase section */

/* Begin PBXTargetDependency section */
		07770C0B2B7D425E00FA5A3E /* PBXTargetDependency */ = {
			isa = PBXTargetDependency;
			target = 07770BF22B7D425100FA5A3E /* KlarnaPOCSwift */;
			targetProxy = 07770C0A2B7D425E00FA5A3E /* PBXContainerItemProxy */;
		};
		07770C152B7D425E00FA5A3E /* PBXTargetDependency */ = {
			isa = PBXTargetDependency;
			target = 07770BF22B7D425100FA5A3E /* KlarnaPOCSwift */;
			targetProxy = 07770C142B7D425E00FA5A3E /* PBXContainerItemProxy */;
		};
/* End PBXTargetDependency section */

/* Begin PBXVariantGroup section */
		07770BFC2B7D425100FA5A3E /* Main.storyboard */ = {
			isa = PBXVariantGroup;
			children = (
				07770BFD2B7D425100FA5A3E /* Base */,
			);
			name = Main.storyboard;
			sourceTree = "<group>";
		};
		07770C012B7D425C00FA5A3E /* LaunchScreen.storyboard */ = {
			isa = PBXVariantGroup;
			children = (
				07770C022B7D425C00FA5A3E /* Base */,
			);
			name = LaunchScreen.storyboard;
			sourceTree = "<group>";
		};
/* End PBXVariantGroup section */

/* Begin XCBuildConfiguration section */
		07770C1B2B7D425E00FA5A3E /* Debug */ = {
			isa = XCBuildConfiguration;
			buildSettings = {
				ALWAYS_SEARCH_USER_PATHS = NO;
				ASSETCATALOG_COMPILER_GENERATE_SWIFT_ASSET_SYMBOL_EXTENSIONS = YES;
				CLANG_ANALYZER_NONNULL = YES;
				CLANG_ANALYZER_NUMBER_OBJECT_CONVERSION = YES_AGGRESSIVE;
				CLANG_CXX_LANGUAGE_STANDARD = "gnu++20";
				CLANG_ENABLE_MODULES = YES;
				CLANG_ENABLE_OBJC_ARC = YES;
				CLANG_ENABLE_OBJC_WEAK = YES;
				CLANG_WARN_BLOCK_CAPTURE_AUTORELEASING = YES;
				CLANG_WARN_BOOL_CONVERSION = YES;
				CLANG_WARN_COMMA = YES;
				CLANG_WARN_CONSTANT_CONVERSION = YES;
				CLANG_WARN_DEPRECATED_OBJC_IMPLEMENTATIONS = YES;
				CLANG_WARN_DIRECT_OBJC_ISA_USAGE = YES_ERROR;
				CLANG_WARN_DOCUMENTATION_COMMENTS = YES;
				CLANG_WARN_EMPTY_BODY = YES;
				CLANG_WARN_ENUM_CONVERSION = YES;
				CLANG_WARN_INFINITE_RECURSION = YES;
				CLANG_WARN_INT_CONVERSION = YES;
				CLANG_WARN_NON_LITERAL_NULL_CONVERSION = YES;
				CLANG_WARN_OBJC_IMPLICIT_RETAIN_SELF = YES;
				CLANG_WARN_OBJC_LITERAL_CONVERSION = YES;
				CLANG_WARN_OBJC_ROOT_CLASS = YES_ERROR;
				CLANG_WARN_QUOTED_INCLUDE_IN_FRAMEWORK_HEADER = YES;
				CLANG_WARN_RANGE_LOOP_ANALYSIS = YES;
				CLANG_WARN_STRICT_PROTOTYPES = YES;
				CLANG_WARN_SUSPICIOUS_MOVE = YES;
				CLANG_WARN_UNGUARDED_AVAILABILITY = YES_AGGRESSIVE;
				CLANG_WARN_UNREACHABLE_CODE = YES;
				CLANG_WARN__DUPLICATE_METHOD_MATCH = YES;
				COPY_PHASE_STRIP = NO;
				DEBUG_INFORMATION_FORMAT = dwarf;
				ENABLE_STRICT_OBJC_MSGSEND = YES;
				ENABLE_TESTABILITY = YES;
				ENABLE_USER_SCRIPT_SANDBOXING = YES;
				GCC_C_LANGUAGE_STANDARD = gnu17;
				GCC_DYNAMIC_NO_PIC = NO;
				GCC_NO_COMMON_BLOCKS = YES;
				GCC_OPTIMIZATION_LEVEL = 0;
				GCC_PREPROCESSOR_DEFINITIONS = (
					"DEBUG=1",
					"$(inherited)",
				);
				GCC_WARN_64_TO_32_BIT_CONVERSION = YES;
				GCC_WARN_ABOUT_RETURN_TYPE = YES_ERROR;
				GCC_WARN_UNDECLARED_SELECTOR = YES;
				GCC_WARN_UNINITIALIZED_AUTOS = YES_AGGRESSIVE;
				GCC_WARN_UNUSED_FUNCTION = YES;
				GCC_WARN_UNUSED_VARIABLE = YES;
				IPHONEOS_DEPLOYMENT_TARGET = 17.2;
				LOCALIZATION_PREFERS_STRING_CATALOGS = YES;
				MTL_ENABLE_DEBUG_INFO = INCLUDE_SOURCE;
				MTL_FAST_MATH = YES;
				ONLY_ACTIVE_ARCH = YES;
				SDKROOT = iphoneos;
				SWIFT_ACTIVE_COMPILATION_CONDITIONS = "DEBUG $(inherited)";
				SWIFT_OPTIMIZATION_LEVEL = "-Onone";
			};
			name = Debug;
		};
		07770C1C2B7D425E00FA5A3E /* Release */ = {
			isa = XCBuildConfiguration;
			buildSettings = {
				ALWAYS_SEARCH_USER_PATHS = NO;
				ASSETCATALOG_COMPILER_GENERATE_SWIFT_ASSET_SYMBOL_EXTENSIONS = YES;
				CLANG_ANALYZER_NONNULL = YES;
				CLANG_ANALYZER_NUMBER_OBJECT_CONVERSION = YES_AGGRESSIVE;
				CLANG_CXX_LANGUAGE_STANDARD = "gnu++20";
				CLANG_ENABLE_MODULES = YES;
				CLANG_ENABLE_OBJC_ARC = YES;
				CLANG_ENABLE_OBJC_WEAK = YES;
				CLANG_WARN_BLOCK_CAPTURE_AUTORELEASING = YES;
				CLANG_WARN_BOOL_CONVERSION = YES;
				CLANG_WARN_COMMA = YES;
				CLANG_WARN_CONSTANT_CONVERSION = YES;
				CLANG_WARN_DEPRECATED_OBJC_IMPLEMENTATIONS = YES;
				CLANG_WARN_DIRECT_OBJC_ISA_USAGE = YES_ERROR;
				CLANG_WARN_DOCUMENTATION_COMMENTS = YES;
				CLANG_WARN_EMPTY_BODY = YES;
				CLANG_WARN_ENUM_CONVERSION = YES;
				CLANG_WARN_INFINITE_RECURSION = YES;
				CLANG_WARN_INT_CONVERSION = YES;
				CLANG_WARN_NON_LITERAL_NULL_CONVERSION = YES;
				CLANG_WARN_OBJC_IMPLICIT_RETAIN_SELF = YES;
				CLANG_WARN_OBJC_LITERAL_CONVERSION = YES;
				CLANG_WARN_OBJC_ROOT_CLASS = YES_ERROR;
				CLANG_WARN_QUOTED_INCLUDE_IN_FRAMEWORK_HEADER = YES;
				CLANG_WARN_RANGE_LOOP_ANALYSIS = YES;
				CLANG_WARN_STRICT_PROTOTYPES = YES;
				CLANG_WARN_SUSPICIOUS_MOVE = YES;
				CLANG_WARN_UNGUARDED_AVAILABILITY = YES_AGGRESSIVE;
				CLANG_WARN_UNREACHABLE_CODE = YES;
				CLANG_WARN__DUPLICATE_METHOD_MATCH = YES;
				COPY_PHASE_STRIP = NO;
				DEBUG_INFORMATION_FORMAT = "dwarf-with-dsym";
				ENABLE_NS_ASSERTIONS = NO;
				ENABLE_STRICT_OBJC_MSGSEND = YES;
				ENABLE_USER_SCRIPT_SANDBOXING = YES;
				GCC_C_LANGUAGE_STANDARD = gnu17;
				GCC_NO_COMMON_BLOCKS = YES;
				GCC_WARN_64_TO_32_BIT_CONVERSION = YES;
				GCC_WARN_ABOUT_RETURN_TYPE = YES_ERROR;
				GCC_WARN_UNDECLARED_SELECTOR = YES;
				GCC_WARN_UNINITIALIZED_AUTOS = YES_AGGRESSIVE;
				GCC_WARN_UNUSED_FUNCTION = YES;
				GCC_WARN_UNUSED_VARIABLE = YES;
				IPHONEOS_DEPLOYMENT_TARGET = 17.2;
				LOCALIZATION_PREFERS_STRING_CATALOGS = YES;
				MTL_ENABLE_DEBUG_INFO = NO;
				MTL_FAST_MATH = YES;
				SDKROOT = iphoneos;
				SWIFT_COMPILATION_MODE = wholemodule;
				VALIDATE_PRODUCT = YES;
			};
			name = Release;
		};
		07770C1E2B7D425E00FA5A3E /* Debug */ = {
			isa = XCBuildConfiguration;
			buildSettings = {
				ASSETCATALOG_COMPILER_APPICON_NAME = AppIcon;
				ASSETCATALOG_COMPILER_GLOBAL_ACCENT_COLOR_NAME = AccentColor;
				CODE_SIGN_STYLE = Automatic;
				CURRENT_PROJECT_VERSION = 1;
				GENERATE_INFOPLIST_FILE = YES;
				INFOPLIST_FILE = KlarnaPOCSwift/Info.plist;
				INFOPLIST_KEY_UIApplicationSupportsIndirectInputEvents = YES;
				INFOPLIST_KEY_UILaunchStoryboardName = LaunchScreen;
				INFOPLIST_KEY_UIMainStoryboardFile = Main;
				INFOPLIST_KEY_UISupportedInterfaceOrientations_iPad = "UIInterfaceOrientationPortrait UIInterfaceOrientationPortraitUpsideDown UIInterfaceOrientationLandscapeLeft UIInterfaceOrientationLandscapeRight";
				INFOPLIST_KEY_UISupportedInterfaceOrientations_iPhone = "UIInterfaceOrientationPortrait UIInterfaceOrientationLandscapeLeft UIInterfaceOrientationLandscapeRight";
				LD_RUNPATH_SEARCH_PATHS = (
					"$(inherited)",
					"@executable_path/Frameworks",
				);
				MARKETING_VERSION = 1.0;
				PRODUCT_BUNDLE_IDENTIFIER = com.klarna.KlarnaPOCSwift;
				PRODUCT_NAME = "$(TARGET_NAME)";
				SWIFT_EMIT_LOC_STRINGS = YES;
				SWIFT_VERSION = 5.0;
				TARGETED_DEVICE_FAMILY = "1,2";
			};
			name = Debug;
		};
		07770C1F2B7D425E00FA5A3E /* Release */ = {
			isa = XCBuildConfiguration;
			buildSettings = {
				ASSETCATALOG_COMPILER_APPICON_NAME = AppIcon;
				ASSETCATALOG_COMPILER_GLOBAL_ACCENT_COLOR_NAME = AccentColor;
				CODE_SIGN_STYLE = Automatic;
				CURRENT_PROJECT_VERSION = 1;
				GENERATE_INFOPLIST_FILE = YES;
				INFOPLIST_FILE = KlarnaPOCSwift/Info.plist;
				INFOPLIST_KEY_UIApplicationSupportsIndirectInputEvents = YES;
				INFOPLIST_KEY_UILaunchStoryboardName = LaunchScreen;
				INFOPLIST_KEY_UIMainStoryboardFile = Main;
				INFOPLIST_KEY_UISupportedInterfaceOrientations_iPad = "UIInterfaceOrientationPortrait UIInterfaceOrientationPortraitUpsideDown UIInterfaceOrientationLandscapeLeft UIInterfaceOrientationLandscapeRight";
				INFOPLIST_KEY_UISupportedInterfaceOrientations_iPhone = "UIInterfaceOrientationPortrait UIInterfaceOrientationLandscapeLeft UIInterfaceOrientationLandscapeRight";
				LD_RUNPATH_SEARCH_PATHS = (
					"$(inherited)",
					"@executable_path/Frameworks",
				);
				MARKETING_VERSION = 1.0;
				PRODUCT_BUNDLE_IDENTIFIER = com.klarna.KlarnaPOCSwift;
				PRODUCT_NAME = "$(TARGET_NAME)";
				SWIFT_EMIT_LOC_STRINGS = YES;
				SWIFT_VERSION = 5.0;
				TARGETED_DEVICE_FAMILY = "1,2";
			};
			name = Release;
		};
		07770C212B7D425E00FA5A3E /* Debug */ = {
			isa = XCBuildConfiguration;
			buildSettings = {
				ALWAYS_EMBED_SWIFT_STANDARD_LIBRARIES = YES;
				BUNDLE_LOADER = "$(TEST_HOST)";
				CODE_SIGN_STYLE = Automatic;
				CURRENT_PROJECT_VERSION = 1;
				GENERATE_INFOPLIST_FILE = YES;
				IPHONEOS_DEPLOYMENT_TARGET = 17.2;
				MARKETING_VERSION = 1.0;
				PRODUCT_BUNDLE_IDENTIFIER = com.klarna.KlarnaPOCSwiftTests;
				PRODUCT_NAME = "$(TARGET_NAME)";
				SWIFT_EMIT_LOC_STRINGS = NO;
				SWIFT_VERSION = 5.0;
				TARGETED_DEVICE_FAMILY = "1,2";
				TEST_HOST = "$(BUILT_PRODUCTS_DIR)/KlarnaPOCSwift.app/$(BUNDLE_EXECUTABLE_FOLDER_PATH)/KlarnaPOCSwift";
			};
			name = Debug;
		};
		07770C222B7D425E00FA5A3E /* Release */ = {
			isa = XCBuildConfiguration;
			buildSettings = {
				ALWAYS_EMBED_SWIFT_STANDARD_LIBRARIES = YES;
				BUNDLE_LOADER = "$(TEST_HOST)";
				CODE_SIGN_STYLE = Automatic;
				CURRENT_PROJECT_VERSION = 1;
				GENERATE_INFOPLIST_FILE = YES;
				IPHONEOS_DEPLOYMENT_TARGET = 17.2;
				MARKETING_VERSION = 1.0;
				PRODUCT_BUNDLE_IDENTIFIER = com.klarna.KlarnaPOCSwiftTests;
				PRODUCT_NAME = "$(TARGET_NAME)";
				SWIFT_EMIT_LOC_STRINGS = NO;
				SWIFT_VERSION = 5.0;
				TARGETED_DEVICE_FAMILY = "1,2";
				TEST_HOST = "$(BUILT_PRODUCTS_DIR)/KlarnaPOCSwift.app/$(BUNDLE_EXECUTABLE_FOLDER_PATH)/KlarnaPOCSwift";
			};
			name = Release;
		};
		07770C242B7D425E00FA5A3E /* Debug */ = {
			isa = XCBuildConfiguration;
			buildSettings = {
				ALWAYS_EMBED_SWIFT_STANDARD_LIBRARIES = YES;
				CODE_SIGN_STYLE = Automatic;
				CURRENT_PROJECT_VERSION = 1;
				GENERATE_INFOPLIST_FILE = YES;
				MARKETING_VERSION = 1.0;
				PRODUCT_BUNDLE_IDENTIFIER = com.klarna.KlarnaPOCSwiftUITests;
				PRODUCT_NAME = "$(TARGET_NAME)";
				SWIFT_EMIT_LOC_STRINGS = NO;
				SWIFT_VERSION = 5.0;
				TARGETED_DEVICE_FAMILY = "1,2";
				TEST_TARGET_NAME = KlarnaPOCSwift;
			};
			name = Debug;
		};
		07770C252B7D425E00FA5A3E /* Release */ = {
			isa = XCBuildConfiguration;
			buildSettings = {
				ALWAYS_EMBED_SWIFT_STANDARD_LIBRARIES = YES;
				CODE_SIGN_STYLE = Automatic;
				CURRENT_PROJECT_VERSION = 1;
				GENERATE_INFOPLIST_FILE = YES;
				MARKETING_VERSION = 1.0;
				PRODUCT_BUNDLE_IDENTIFIER = com.klarna.KlarnaPOCSwiftUITests;
				PRODUCT_NAME = "$(TARGET_NAME)";
				SWIFT_EMIT_LOC_STRINGS = NO;
				SWIFT_VERSION = 5.0;
				TARGETED_DEVICE_FAMILY = "1,2";
				TEST_TARGET_NAME = KlarnaPOCSwift;
			};
			name = Release;
		};
/* End XCBuildConfiguration section */

/* Begin XCConfigurationList section */
		07770BEE2B7D425100FA5A3E /* Build configuration list for PBXProject "KlarnaPOCSwift" */ = {
			isa = XCConfigurationList;
			buildConfigurations = (
				07770C1B2B7D425E00FA5A3E /* Debug */,
				07770C1C2B7D425E00FA5A3E /* Release */,
			);
			defaultConfigurationIsVisible = 0;
			defaultConfigurationName = Release;
		};
		07770C1D2B7D425E00FA5A3E /* Build configuration list for PBXNativeTarget "KlarnaPOCSwift" */ = {
			isa = XCConfigurationList;
			buildConfigurations = (
				07770C1E2B7D425E00FA5A3E /* Debug */,
				07770C1F2B7D425E00FA5A3E /* Release */,
			);
			defaultConfigurationIsVisible = 0;
			defaultConfigurationName = Release;
		};
		07770C202B7D425E00FA5A3E /* Build configuration list for PBXNativeTarget "KlarnaPOCSwiftTests" */ = {
			isa = XCConfigurationList;
			buildConfigurations = (
				07770C212B7D425E00FA5A3E /* Debug */,
				07770C222B7D425E00FA5A3E /* Release */,
			);
			defaultConfigurationIsVisible = 0;
			defaultConfigurationName = Release;
		};
		07770C232B7D425E00FA5A3E /* Build configuration list for PBXNativeTarget "KlarnaPOCSwiftUITests" */ = {
			isa = XCConfigurationList;
			buildConfigurations = (
				07770C242B7D425E00FA5A3E /* Debug */,
				07770C252B7D425E00FA5A3E /* Release */,
			);
			defaultConfigurationIsVisible = 0;
			defaultConfigurationName = Release;
		};
/* End XCConfigurationList section */
	};
	rootObject = 07770BEB2B7D425100FA5A3E /* Project object */;
}
